// !$*UTF8*$!
{
	archiveVersion = 1;
	classes = {
	};
	objectVersion = 55;
	objects = {

/* Begin PBXBuildFile section */
		5F16A5BE2865467D000E6817 /* Img_GalleryApp.swift in Sources */ = {isa = PBXBuildFile; fileRef = 5F16A5BD2865467D000E6817 /* Img_GalleryApp.swift */; };
		5F16A5C02865467D000E6817 /* ContentView.swift in Sources */ = {isa = PBXBuildFile; fileRef = 5F16A5BF2865467D000E6817 /* ContentView.swift */; };
		5F16A5C22865467F000E6817 /* Assets.xcassets in Resources */ = {isa = PBXBuildFile; fileRef = 5F16A5C12865467F000E6817 /* Assets.xcassets */; };
		5F16A5C52865467F000E6817 /* Preview Assets.xcassets in Resources */ = {isa = PBXBuildFile; fileRef = 5F16A5C42865467F000E6817 /* Preview Assets.xcassets */; };
		5F16A5CE28654DB4000E6817 /* ExploreView.swift in Sources */ = {isa = PBXBuildFile; fileRef = 5F16A5CD28654DB4000E6817 /* ExploreView.swift */; };
		5F16A5D128654DEC000E6817 /* FavoritesView.swift in Sources */ = {isa = PBXBuildFile; fileRef = 5F16A5D028654DEC000E6817 /* FavoritesView.swift */; };
		5F16A5D328654E14000E6817 /* HistoryView.swift in Sources */ = {isa = PBXBuildFile; fileRef = 5F16A5D228654E14000E6817 /* HistoryView.swift */; };
		5F16A5D528654E33000E6817 /* SearchView.swift in Sources */ = {isa = PBXBuildFile; fileRef = 5F16A5D428654E33000E6817 /* SearchView.swift */; };
		5F16A5D728658843000E6817 /* ConsoleLogger.swift in Sources */ = {isa = PBXBuildFile; fileRef = 5F16A5D628658843000E6817 /* ConsoleLogger.swift */; };
		5F16A5D928658863000E6817 /* AppData.swift in Sources */ = {isa = PBXBuildFile; fileRef = 5F16A5D828658863000E6817 /* AppData.swift */; };
		5F16A5F228658B84000E6817 /* Favorites.swift in Sources */ = {isa = PBXBuildFile; fileRef = 5F16A5E128658B83000E6817 /* Favorites.swift */; };
		5F16A5F328658B84000E6817 /* SearchUsage.swift in Sources */ = {isa = PBXBuildFile; fileRef = 5F16A5E228658B83000E6817 /* SearchUsage.swift */; };
		5F16A5F428658B84000E6817 /* MainMenuItem.swift in Sources */ = {isa = PBXBuildFile; fileRef = 5F16A5E328658B83000E6817 /* MainMenuItem.swift */; };
		5F16A5F528658B84000E6817 /* KeywordUsage.swift in Sources */ = {isa = PBXBuildFile; fileRef = 5F16A5E428658B83000E6817 /* KeywordUsage.swift */; };
		5F16A5F628658B84000E6817 /* KeywordIndex.swift in Sources */ = {isa = PBXBuildFile; fileRef = 5F16A5E528658B83000E6817 /* KeywordIndex.swift */; };
		5F16A5F728658B84000E6817 /* TableOfContents.swift in Sources */ = {isa = PBXBuildFile; fileRef = 5F16A5E628658B83000E6817 /* TableOfContents.swift */; };
		5F16A5F828658B84000E6817 /* Histories.swift in Sources */ = {isa = PBXBuildFile; fileRef = 5F16A5E728658B83000E6817 /* Histories.swift */; };
		5F16A5F928658B84000E6817 /* CustomDate.swift in Sources */ = {isa = PBXBuildFile; fileRef = 5F16A5E928658B83000E6817 /* CustomDate.swift */; };
		5F16A5FA28658B84000E6817 /* StopWords.swift in Sources */ = {isa = PBXBuildFile; fileRef = 5F16A5EA28658B83000E6817 /* StopWords.swift */; };
		5F16A5FB28658B84000E6817 /* SimpleDateFormat.swift in Sources */ = {isa = PBXBuildFile; fileRef = 5F16A5EB28658B83000E6817 /* SimpleDateFormat.swift */; };
		5F16A5FC28658B84000E6817 /* ImageFolder.swift in Sources */ = {isa = PBXBuildFile; fileRef = 5F16A5ED28658B84000E6817 /* ImageFolder.swift */; };
		5F16A5FD28658B84000E6817 /* SearchResult.swift in Sources */ = {isa = PBXBuildFile; fileRef = 5F16A5EE28658B84000E6817 /* SearchResult.swift */; };
		5F16A5FE28658B84000E6817 /* ImageFile.swift in Sources */ = {isa = PBXBuildFile; fileRef = 5F16A5EF28658B84000E6817 /* ImageFile.swift */; };
		5F16A5FF28658B84000E6817 /* Favorite.swift in Sources */ = {isa = PBXBuildFile; fileRef = 5F16A5F028658B84000E6817 /* Favorite.swift */; };
		5F16A60028658B84000E6817 /* History.swift in Sources */ = {isa = PBXBuildFile; fileRef = 5F16A5F128658B84000E6817 /* History.swift */; };
		5F16A60328658E07000E6817 /* ConfigurationInfo.swift in Sources */ = {isa = PBXBuildFile; fileRef = 5F16A60128658E07000E6817 /* ConfigurationInfo.swift */; };
		5F16A60428658E07000E6817 /* Configurator.swift in Sources */ = {isa = PBXBuildFile; fileRef = 5F16A60228658E07000E6817 /* Configurator.swift */; };
		5F16A60C28658FFE000E6817 /* ConfigChangedDelegate.swift in Sources */ = {isa = PBXBuildFile; fileRef = 5F16A60628658FFE000E6817 /* ConfigChangedDelegate.swift */; };
		5F16A60D28658FFE000E6817 /* ImageReadDelegate.swift in Sources */ = {isa = PBXBuildFile; fileRef = 5F16A60728658FFE000E6817 /* ImageReadDelegate.swift */; };
		5F16A60E28658FFE000E6817 /* DataLoaderDelegate.swift in Sources */ = {isa = PBXBuildFile; fileRef = 5F16A60828658FFE000E6817 /* DataLoaderDelegate.swift */; };
		5F16A60F28658FFE000E6817 /* ImageSelectionDelegate.swift in Sources */ = {isa = PBXBuildFile; fileRef = 5F16A60928658FFE000E6817 /* ImageSelectionDelegate.swift */; };
		5F16A61028658FFE000E6817 /* HasDateFormatter.swift in Sources */ = {isa = PBXBuildFile; fileRef = 5F16A60A28658FFE000E6817 /* HasDateFormatter.swift */; };
		5F16A61128658FFE000E6817 /* FileDataSource.swift in Sources */ = {isa = PBXBuildFile; fileRef = 5F16A60B28658FFE000E6817 /* FileDataSource.swift */; };
		5F16A6142865901D000E6817 /* FileViewerType.swift in Sources */ = {isa = PBXBuildFile; fileRef = 5F16A6132865901D000E6817 /* FileViewerType.swift */; };
		5F16A61D286591E0000E6817 /* HistoryFileViewer.swift in Sources */ = {isa = PBXBuildFile; fileRef = 5F16A616286591E0000E6817 /* HistoryFileViewer.swift */; };
		5F16A61E286591E0000E6817 /* KeywordFileViewer.swift in Sources */ = {isa = PBXBuildFile; fileRef = 5F16A617286591E0000E6817 /* KeywordFileViewer.swift */; };
		5F16A61F286591E0000E6817 /* FolderFileViewer.swift in Sources */ = {isa = PBXBuildFile; fileRef = 5F16A618286591E0000E6817 /* FolderFileViewer.swift */; };
		5F16A620286591E0000E6817 /* SequentialFileViewer.swift in Sources */ = {isa = PBXBuildFile; fileRef = 5F16A619286591E0000E6817 /* SequentialFileViewer.swift */; };
		5F16A621286591E0000E6817 /* RandomFileViewer.swift in Sources */ = {isa = PBXBuildFile; fileRef = 5F16A61A286591E0000E6817 /* RandomFileViewer.swift */; };
		5F16A622286591E0000E6817 /* SearchFileViewer.swift in Sources */ = {isa = PBXBuildFile; fileRef = 5F16A61B286591E0000E6817 /* SearchFileViewer.swift */; };
		5F16A623286591E0000E6817 /* FavoriteFileViewer.swift in Sources */ = {isa = PBXBuildFile; fileRef = 5F16A61C286591E0000E6817 /* FavoriteFileViewer.swift */; };
		5F16A62F286591FC000E6817 /* ImageLoader.swift in Sources */ = {isa = PBXBuildFile; fileRef = 5F16A625286591FC000E6817 /* ImageLoader.swift */; };
		5F16A630286591FC000E6817 /* URLSessionFactory.swift in Sources */ = {isa = PBXBuildFile; fileRef = 5F16A626286591FC000E6817 /* URLSessionFactory.swift */; };
		5F16A631286591FC000E6817 /* HttpReader.swift in Sources */ = {isa = PBXBuildFile; fileRef = 5F16A627286591FC000E6817 /* HttpReader.swift */; };
		5F16A632286591FC000E6817 /* Logging.swift in Sources */ = {isa = PBXBuildFile; fileRef = 5F16A628286591FC000E6817 /* Logging.swift */; };
		5F16A633286591FC000E6817 /* InventoryReader.swift in Sources */ = {isa = PBXBuildFile; fileRef = 5F16A629286591FC000E6817 /* InventoryReader.swift */; };
		5F16A634286591FC000E6817 /* CustomPhotoAlbum.swift in Sources */ = {isa = PBXBuildFile; fileRef = 5F16A62A286591FC000E6817 /* CustomPhotoAlbum.swift */; };
		5F16A635286591FC000E6817 /* RefreshTimer.swift in Sources */ = {isa = PBXBuildFile; fileRef = 5F16A62B286591FC000E6817 /* RefreshTimer.swift */; };
		5F16A636286591FC000E6817 /* StreamReader.swift in Sources */ = {isa = PBXBuildFile; fileRef = 5F16A62C286591FC000E6817 /* StreamReader.swift */; };
		5F16A637286591FC000E6817 /* Searcher.swift in Sources */ = {isa = PBXBuildFile; fileRef = 5F16A62D286591FC000E6817 /* Searcher.swift */; };
		5F16A638286591FC000E6817 /* DataLoader.swift in Sources */ = {isa = PBXBuildFile; fileRef = 5F16A62E286591FC000E6817 /* DataLoader.swift */; };
		5F16A63B2865C44F000E6817 /* WvhExtensions in Frameworks */ = {isa = PBXBuildFile; productRef = 5F16A63A2865C44F000E6817 /* WvhExtensions */; };
		5F16A63E2865C5D1000E6817 /* MessageDisplayer.swift in Sources */ = {isa = PBXBuildFile; fileRef = 5F16A63D2865C5D1000E6817 /* MessageDisplayer.swift */; };
		5F16A64028660408000E6817 /* Utility.swift in Sources */ = {isa = PBXBuildFile; fileRef = 5F16A63F28660408000E6817 /* Utility.swift */; };
		5F16A64228660446000E6817 /* RefreshableDelegate.swift in Sources */ = {isa = PBXBuildFile; fileRef = 5F16A64128660446000E6817 /* RefreshableDelegate.swift */; };
		5F16A64428664BC1000E6817 /* ExploreRowView.swift in Sources */ = {isa = PBXBuildFile; fileRef = 5F16A64328664BC1000E6817 /* ExploreRowView.swift */; };
		5F16A64728664DB3000E6817 /* CloudKit.framework in Frameworks */ = {isa = PBXBuildFile; fileRef = 5F16A64628664DB3000E6817 /* CloudKit.framework */; };
		5F4B1A4A286841C800E2EEA0 /* RootExplorerView.swift in Sources */ = {isa = PBXBuildFile; fileRef = 5F4B1A49286841C800E2EEA0 /* RootExplorerView.swift */; };
		5F4B1A4C28684D8800E2EEA0 /* FileImageRowView.swift in Sources */ = {isa = PBXBuildFile; fileRef = 5F4B1A4B28684D8800E2EEA0 /* FileImageRowView.swift */; };
		5F4E8E5D28686A4900F15BA3 /* ImageDisplayView.swift in Sources */ = {isa = PBXBuildFile; fileRef = 5F4E8E5C28686A4900F15BA3 /* ImageDisplayView.swift */; };
		5F5729AD2867324B00DA4CF1 /* ImageMenuDisplayRowView.swift in Sources */ = {isa = PBXBuildFile; fileRef = 5F5729AC2867324B00DA4CF1 /* ImageMenuDisplayRowView.swift */; };
		5F5729AF2867349000DA4CF1 /* ImageMenuView.swift in Sources */ = {isa = PBXBuildFile; fileRef = 5F5729AE2867349000DA4CF1 /* ImageMenuView.swift */; };
		5F5DF03E286A8596001FA059 /* FullScreenImageView.swift in Sources */ = {isa = PBXBuildFile; fileRef = 5F5DF03D286A8596001FA059 /* FullScreenImageView.swift */; };
		5FE7A8E5286AE62C007BA234 /* ImageDisplay.swift in Sources */ = {isa = PBXBuildFile; fileRef = 5FE7A8E4286AE62C007BA234 /* ImageDisplay.swift */; };
/* End PBXBuildFile section */

/* Begin PBXFileReference section */
		5F16A5BA2865467D000E6817 /* Img Gallery.app */ = {isa = PBXFileReference; explicitFileType = wrapper.application; includeInIndex = 0; path = "Img Gallery.app"; sourceTree = BUILT_PRODUCTS_DIR; };
		5F16A5BD2865467D000E6817 /* Img_GalleryApp.swift */ = {isa = PBXFileReference; lastKnownFileType = sourcecode.swift; path = Img_GalleryApp.swift; sourceTree = "<group>"; };
		5F16A5BF2865467D000E6817 /* ContentView.swift */ = {isa = PBXFileReference; lastKnownFileType = sourcecode.swift; path = ContentView.swift; sourceTree = "<group>"; };
		5F16A5C12865467F000E6817 /* Assets.xcassets */ = {isa = PBXFileReference; lastKnownFileType = folder.assetcatalog; path = Assets.xcassets; sourceTree = "<group>"; };
		5F16A5C42865467F000E6817 /* Preview Assets.xcassets */ = {isa = PBXFileReference; lastKnownFileType = folder.assetcatalog; path = "Preview Assets.xcassets"; sourceTree = "<group>"; };
		5F16A5CD28654DB4000E6817 /* ExploreView.swift */ = {isa = PBXFileReference; lastKnownFileType = sourcecode.swift; path = ExploreView.swift; sourceTree = "<group>"; };
		5F16A5D028654DEC000E6817 /* FavoritesView.swift */ = {isa = PBXFileReference; lastKnownFileType = sourcecode.swift; path = FavoritesView.swift; sourceTree = "<group>"; };
		5F16A5D228654E14000E6817 /* HistoryView.swift */ = {isa = PBXFileReference; lastKnownFileType = sourcecode.swift; path = HistoryView.swift; sourceTree = "<group>"; };
		5F16A5D428654E33000E6817 /* SearchView.swift */ = {isa = PBXFileReference; lastKnownFileType = sourcecode.swift; path = SearchView.swift; sourceTree = "<group>"; };
		5F16A5D628658843000E6817 /* ConsoleLogger.swift */ = {isa = PBXFileReference; fileEncoding = 4; lastKnownFileType = sourcecode.swift; path = ConsoleLogger.swift; sourceTree = "<group>"; };
		5F16A5D828658863000E6817 /* AppData.swift */ = {isa = PBXFileReference; fileEncoding = 4; lastKnownFileType = sourcecode.swift; path = AppData.swift; sourceTree = "<group>"; };
		5F16A5E128658B83000E6817 /* Favorites.swift */ = {isa = PBXFileReference; fileEncoding = 4; lastKnownFileType = sourcecode.swift; path = Favorites.swift; sourceTree = "<group>"; };
		5F16A5E228658B83000E6817 /* SearchUsage.swift */ = {isa = PBXFileReference; fileEncoding = 4; lastKnownFileType = sourcecode.swift; path = SearchUsage.swift; sourceTree = "<group>"; };
		5F16A5E328658B83000E6817 /* MainMenuItem.swift */ = {isa = PBXFileReference; fileEncoding = 4; lastKnownFileType = sourcecode.swift; path = MainMenuItem.swift; sourceTree = "<group>"; };
		5F16A5E428658B83000E6817 /* KeywordUsage.swift */ = {isa = PBXFileReference; fileEncoding = 4; lastKnownFileType = sourcecode.swift; path = KeywordUsage.swift; sourceTree = "<group>"; };
		5F16A5E528658B83000E6817 /* KeywordIndex.swift */ = {isa = PBXFileReference; fileEncoding = 4; lastKnownFileType = sourcecode.swift; path = KeywordIndex.swift; sourceTree = "<group>"; };
		5F16A5E628658B83000E6817 /* TableOfContents.swift */ = {isa = PBXFileReference; fileEncoding = 4; lastKnownFileType = sourcecode.swift; path = TableOfContents.swift; sourceTree = "<group>"; };
		5F16A5E728658B83000E6817 /* Histories.swift */ = {isa = PBXFileReference; fileEncoding = 4; lastKnownFileType = sourcecode.swift; path = Histories.swift; sourceTree = "<group>"; };
		5F16A5E928658B83000E6817 /* CustomDate.swift */ = {isa = PBXFileReference; fileEncoding = 4; lastKnownFileType = sourcecode.swift; path = CustomDate.swift; sourceTree = "<group>"; };
		5F16A5EA28658B83000E6817 /* StopWords.swift */ = {isa = PBXFileReference; fileEncoding = 4; lastKnownFileType = sourcecode.swift; path = StopWords.swift; sourceTree = "<group>"; };
		5F16A5EB28658B83000E6817 /* SimpleDateFormat.swift */ = {isa = PBXFileReference; fileEncoding = 4; lastKnownFileType = sourcecode.swift; path = SimpleDateFormat.swift; sourceTree = "<group>"; };
		5F16A5ED28658B84000E6817 /* ImageFolder.swift */ = {isa = PBXFileReference; fileEncoding = 4; lastKnownFileType = sourcecode.swift; path = ImageFolder.swift; sourceTree = "<group>"; };
		5F16A5EE28658B84000E6817 /* SearchResult.swift */ = {isa = PBXFileReference; fileEncoding = 4; lastKnownFileType = sourcecode.swift; path = SearchResult.swift; sourceTree = "<group>"; };
		5F16A5EF28658B84000E6817 /* ImageFile.swift */ = {isa = PBXFileReference; fileEncoding = 4; lastKnownFileType = sourcecode.swift; path = ImageFile.swift; sourceTree = "<group>"; };
		5F16A5F028658B84000E6817 /* Favorite.swift */ = {isa = PBXFileReference; fileEncoding = 4; lastKnownFileType = sourcecode.swift; path = Favorite.swift; sourceTree = "<group>"; };
		5F16A5F128658B84000E6817 /* History.swift */ = {isa = PBXFileReference; fileEncoding = 4; lastKnownFileType = sourcecode.swift; path = History.swift; sourceTree = "<group>"; };
		5F16A60128658E07000E6817 /* ConfigurationInfo.swift */ = {isa = PBXFileReference; fileEncoding = 4; lastKnownFileType = sourcecode.swift; path = ConfigurationInfo.swift; sourceTree = "<group>"; };
		5F16A60228658E07000E6817 /* Configurator.swift */ = {isa = PBXFileReference; fileEncoding = 4; lastKnownFileType = sourcecode.swift; path = Configurator.swift; sourceTree = "<group>"; };
		5F16A60628658FFE000E6817 /* ConfigChangedDelegate.swift */ = {isa = PBXFileReference; fileEncoding = 4; lastKnownFileType = sourcecode.swift; path = ConfigChangedDelegate.swift; sourceTree = "<group>"; };
		5F16A60728658FFE000E6817 /* ImageReadDelegate.swift */ = {isa = PBXFileReference; fileEncoding = 4; lastKnownFileType = sourcecode.swift; path = ImageReadDelegate.swift; sourceTree = "<group>"; };
		5F16A60828658FFE000E6817 /* DataLoaderDelegate.swift */ = {isa = PBXFileReference; fileEncoding = 4; lastKnownFileType = sourcecode.swift; path = DataLoaderDelegate.swift; sourceTree = "<group>"; };
		5F16A60928658FFE000E6817 /* ImageSelectionDelegate.swift */ = {isa = PBXFileReference; fileEncoding = 4; lastKnownFileType = sourcecode.swift; path = ImageSelectionDelegate.swift; sourceTree = "<group>"; };
		5F16A60A28658FFE000E6817 /* HasDateFormatter.swift */ = {isa = PBXFileReference; fileEncoding = 4; lastKnownFileType = sourcecode.swift; path = HasDateFormatter.swift; sourceTree = "<group>"; };
		5F16A60B28658FFE000E6817 /* FileDataSource.swift */ = {isa = PBXFileReference; fileEncoding = 4; lastKnownFileType = sourcecode.swift; path = FileDataSource.swift; sourceTree = "<group>"; };
		5F16A6132865901D000E6817 /* FileViewerType.swift */ = {isa = PBXFileReference; fileEncoding = 4; lastKnownFileType = sourcecode.swift; path = FileViewerType.swift; sourceTree = "<group>"; };
		5F16A616286591E0000E6817 /* HistoryFileViewer.swift */ = {isa = PBXFileReference; fileEncoding = 4; lastKnownFileType = sourcecode.swift; path = HistoryFileViewer.swift; sourceTree = "<group>"; };
		5F16A617286591E0000E6817 /* KeywordFileViewer.swift */ = {isa = PBXFileReference; fileEncoding = 4; lastKnownFileType = sourcecode.swift; path = KeywordFileViewer.swift; sourceTree = "<group>"; };
		5F16A618286591E0000E6817 /* FolderFileViewer.swift */ = {isa = PBXFileReference; fileEncoding = 4; lastKnownFileType = sourcecode.swift; path = FolderFileViewer.swift; sourceTree = "<group>"; };
		5F16A619286591E0000E6817 /* SequentialFileViewer.swift */ = {isa = PBXFileReference; fileEncoding = 4; lastKnownFileType = sourcecode.swift; path = SequentialFileViewer.swift; sourceTree = "<group>"; };
		5F16A61A286591E0000E6817 /* RandomFileViewer.swift */ = {isa = PBXFileReference; fileEncoding = 4; lastKnownFileType = sourcecode.swift; path = RandomFileViewer.swift; sourceTree = "<group>"; };
		5F16A61B286591E0000E6817 /* SearchFileViewer.swift */ = {isa = PBXFileReference; fileEncoding = 4; lastKnownFileType = sourcecode.swift; path = SearchFileViewer.swift; sourceTree = "<group>"; };
		5F16A61C286591E0000E6817 /* FavoriteFileViewer.swift */ = {isa = PBXFileReference; fileEncoding = 4; lastKnownFileType = sourcecode.swift; path = FavoriteFileViewer.swift; sourceTree = "<group>"; };
		5F16A625286591FC000E6817 /* ImageLoader.swift */ = {isa = PBXFileReference; fileEncoding = 4; lastKnownFileType = sourcecode.swift; path = ImageLoader.swift; sourceTree = "<group>"; };
		5F16A626286591FC000E6817 /* URLSessionFactory.swift */ = {isa = PBXFileReference; fileEncoding = 4; lastKnownFileType = sourcecode.swift; path = URLSessionFactory.swift; sourceTree = "<group>"; };
		5F16A627286591FC000E6817 /* HttpReader.swift */ = {isa = PBXFileReference; fileEncoding = 4; lastKnownFileType = sourcecode.swift; path = HttpReader.swift; sourceTree = "<group>"; };
		5F16A628286591FC000E6817 /* Logging.swift */ = {isa = PBXFileReference; fileEncoding = 4; lastKnownFileType = sourcecode.swift; path = Logging.swift; sourceTree = "<group>"; };
		5F16A629286591FC000E6817 /* InventoryReader.swift */ = {isa = PBXFileReference; fileEncoding = 4; lastKnownFileType = sourcecode.swift; path = InventoryReader.swift; sourceTree = "<group>"; };
		5F16A62A286591FC000E6817 /* CustomPhotoAlbum.swift */ = {isa = PBXFileReference; fileEncoding = 4; lastKnownFileType = sourcecode.swift; path = CustomPhotoAlbum.swift; sourceTree = "<group>"; };
		5F16A62B286591FC000E6817 /* RefreshTimer.swift */ = {isa = PBXFileReference; fileEncoding = 4; lastKnownFileType = sourcecode.swift; path = RefreshTimer.swift; sourceTree = "<group>"; };
		5F16A62C286591FC000E6817 /* StreamReader.swift */ = {isa = PBXFileReference; fileEncoding = 4; lastKnownFileType = sourcecode.swift; path = StreamReader.swift; sourceTree = "<group>"; };
		5F16A62D286591FC000E6817 /* Searcher.swift */ = {isa = PBXFileReference; fileEncoding = 4; lastKnownFileType = sourcecode.swift; path = Searcher.swift; sourceTree = "<group>"; };
		5F16A62E286591FC000E6817 /* DataLoader.swift */ = {isa = PBXFileReference; fileEncoding = 4; lastKnownFileType = sourcecode.swift; path = DataLoader.swift; sourceTree = "<group>"; };
		5F16A63C2865C4A5000E6817 /* Img Gallery.entitlements */ = {isa = PBXFileReference; lastKnownFileType = text.plist.entitlements; path = "Img Gallery.entitlements"; sourceTree = "<group>"; };
		5F16A63D2865C5D1000E6817 /* MessageDisplayer.swift */ = {isa = PBXFileReference; fileEncoding = 4; lastKnownFileType = sourcecode.swift; path = MessageDisplayer.swift; sourceTree = "<group>"; };
		5F16A63F28660408000E6817 /* Utility.swift */ = {isa = PBXFileReference; fileEncoding = 4; lastKnownFileType = sourcecode.swift; path = Utility.swift; sourceTree = "<group>"; };
		5F16A64128660446000E6817 /* RefreshableDelegate.swift */ = {isa = PBXFileReference; fileEncoding = 4; lastKnownFileType = sourcecode.swift; path = RefreshableDelegate.swift; sourceTree = "<group>"; };
		5F16A64328664BC1000E6817 /* ExploreRowView.swift */ = {isa = PBXFileReference; lastKnownFileType = sourcecode.swift; path = ExploreRowView.swift; sourceTree = "<group>"; };
		5F16A64628664DB3000E6817 /* CloudKit.framework */ = {isa = PBXFileReference; lastKnownFileType = wrapper.framework; name = CloudKit.framework; path = System/Library/Frameworks/CloudKit.framework; sourceTree = SDKROOT; };
		5F4B1A49286841C800E2EEA0 /* RootExplorerView.swift */ = {isa = PBXFileReference; lastKnownFileType = sourcecode.swift; path = RootExplorerView.swift; sourceTree = "<group>"; };
		5F4B1A4B28684D8800E2EEA0 /* FileImageRowView.swift */ = {isa = PBXFileReference; lastKnownFileType = sourcecode.swift; path = FileImageRowView.swift; sourceTree = "<group>"; };
		5F4E8E5C28686A4900F15BA3 /* ImageDisplayView.swift */ = {isa = PBXFileReference; lastKnownFileType = sourcecode.swift; name = ImageDisplayView.swift; path = "img Gallery/UI/Tabs/ImageDisplayView.swift"; sourceTree = SOURCE_ROOT; };
		5F5729AC2867324B00DA4CF1 /* ImageMenuDisplayRowView.swift */ = {isa = PBXFileReference; lastKnownFileType = sourcecode.swift; path = ImageMenuDisplayRowView.swift; sourceTree = "<group>"; };
		5F5729AE2867349000DA4CF1 /* ImageMenuView.swift */ = {isa = PBXFileReference; lastKnownFileType = sourcecode.swift; path = ImageMenuView.swift; sourceTree = "<group>"; };
		5F5DF03D286A8596001FA059 /* FullScreenImageView.swift */ = {isa = PBXFileReference; lastKnownFileType = sourcecode.swift; name = FullScreenImageView.swift; path = "img Gallery/UI/Tabs/FullScreenImageView.swift"; sourceTree = SOURCE_ROOT; };
		5FE7A8E4286AE62C007BA234 /* ImageDisplay.swift */ = {isa = PBXFileReference; lastKnownFileType = sourcecode.swift; name = ImageDisplay.swift; path = "img Gallery/model/objects/ImageDisplay.swift"; sourceTree = SOURCE_ROOT; };
/* End PBXFileReference section */

/* Begin PBXFrameworksBuildPhase section */
		5F16A5B72865467D000E6817 /* Frameworks */ = {
			isa = PBXFrameworksBuildPhase;
			buildActionMask = 2147483647;
			files = (
				5F16A63B2865C44F000E6817 /* WvhExtensions in Frameworks */,
				5F16A64728664DB3000E6817 /* CloudKit.framework in Frameworks */,
			);
			runOnlyForDeploymentPostprocessing = 0;
		};
/* End PBXFrameworksBuildPhase section */

/* Begin PBXGroup section */
		5F16A5B12865467D000E6817 = {
			isa = PBXGroup;
			children = (
				5F16A5BC2865467D000E6817 /* Img Gallery */,
				5F16A5BB2865467D000E6817 /* Products */,
				5F16A64528664DB3000E6817 /* Frameworks */,
			);
			sourceTree = "<group>";
		};
		5F16A5BB2865467D000E6817 /* Products */ = {
			isa = PBXGroup;
			children = (
				5F16A5BA2865467D000E6817 /* Img Gallery.app */,
			);
			name = Products;
			sourceTree = "<group>";
		};
		5F16A5BC2865467D000E6817 /* Img Gallery */ = {
			isa = PBXGroup;
			children = (
				5F16A63C2865C4A5000E6817 /* Img Gallery.entitlements */,
				5F16A5CC28654D93000E6817 /* App */,
				5F16A6122865901D000E6817 /* enum */,
				5F16A60528658FFE000E6817 /* protocol */,
				5F16A5DE28658915000E6817 /* model */,
				5F16A5DD28658904000E6817 /* utility */,
				5F16A5DA286588BA000E6817 /* loader */,
				5F16A5CB28654D7E000E6817 /* UI */,
				5F16A615286591E0000E6817 /* data */,
				5F16A624286591FC000E6817 /* process */,
				5F16A5C12865467F000E6817 /* Assets.xcassets */,
				5F16A5C32865467F000E6817 /* Preview Content */,
			);
			path = "Img Gallery";
			sourceTree = "<group>";
		};
		5F16A5C32865467F000E6817 /* Preview Content */ = {
			isa = PBXGroup;
			children = (
				5F16A5C42865467F000E6817 /* Preview Assets.xcassets */,
			);
			path = "Preview Content";
			sourceTree = "<group>";
		};
		5F16A5CB28654D7E000E6817 /* UI */ = {
			isa = PBXGroup;
			children = (
				5F16A5BF2865467D000E6817 /* ContentView.swift */,
				5F16A5CF28654DCF000E6817 /* Tabs */,
				5F16A5DF28658944000E6817 /* rows */,
			);
			path = UI;
			sourceTree = "<group>";
		};
		5F16A5CC28654D93000E6817 /* App */ = {
			isa = PBXGroup;
			children = (
				5F16A5BD2865467D000E6817 /* Img_GalleryApp.swift */,
				5F16A5D828658863000E6817 /* AppData.swift */,
				5F16A5D628658843000E6817 /* ConsoleLogger.swift */,
				5F16A60128658E07000E6817 /* ConfigurationInfo.swift */,
				5F16A60228658E07000E6817 /* Configurator.swift */,
			);
			path = App;
			sourceTree = "<group>";
		};
		5F16A5CF28654DCF000E6817 /* Tabs */ = {
			isa = PBXGroup;
			children = (
				5F16A5CD28654DB4000E6817 /* ExploreView.swift */,
				5F16A5D028654DEC000E6817 /* FavoritesView.swift */,
				5F16A5D228654E14000E6817 /* HistoryView.swift */,
				5F16A5D428654E33000E6817 /* SearchView.swift */,
				5F5729AE2867349000DA4CF1 /* ImageMenuView.swift */,
				5F4B1A49286841C800E2EEA0 /* RootExplorerView.swift */,
				5F4E8E5C28686A4900F15BA3 /* ImageDisplayView.swift */,
				5F5DF03D286A8596001FA059 /* FullScreenImageView.swift */,
			);
			path = Tabs;
			sourceTree = "<group>";
		};
		5F16A5DA286588BA000E6817 /* loader */ = {
			isa = PBXGroup;
			children = (
				5F16A62E286591FC000E6817 /* DataLoader.swift */,
			);
			path = loader;
			sourceTree = "<group>";
		};
		5F16A5DD28658904000E6817 /* utility */ = {
			isa = PBXGroup;
			children = (
				5F16A63F28660408000E6817 /* Utility.swift */,
			);
			path = utility;
			sourceTree = "<group>";
		};
		5F16A5DE28658915000E6817 /* model */ = {
			isa = PBXGroup;
			children = (
				5F16A5E028658B83000E6817 /* collections */,
				5F16A5EC28658B84000E6817 /* objects */,
				5F16A5E828658B83000E6817 /* reference */,
			);
			path = model;
			sourceTree = "<group>";
		};
		5F16A5DF28658944000E6817 /* rows */ = {
			isa = PBXGroup;
			children = (
				5F16A64328664BC1000E6817 /* ExploreRowView.swift */,
				5F5729AC2867324B00DA4CF1 /* ImageMenuDisplayRowView.swift */,
				5F4B1A4B28684D8800E2EEA0 /* FileImageRowView.swift */,
			);
			path = rows;
			sourceTree = "<group>";
		};
		5F16A5E028658B83000E6817 /* collections */ = {
			isa = PBXGroup;
			children = (
				5F16A5E128658B83000E6817 /* Favorites.swift */,
				5F16A5E228658B83000E6817 /* SearchUsage.swift */,
				5F16A5E328658B83000E6817 /* MainMenuItem.swift */,
				5F16A5E428658B83000E6817 /* KeywordUsage.swift */,
				5F16A5E528658B83000E6817 /* KeywordIndex.swift */,
				5F16A5E628658B83000E6817 /* TableOfContents.swift */,
				5F16A5E728658B83000E6817 /* Histories.swift */,
			);
			path = collections;
			sourceTree = "<group>";
		};
		5F16A5E828658B83000E6817 /* reference */ = {
			isa = PBXGroup;
			children = (
				5F16A5E928658B83000E6817 /* CustomDate.swift */,
				5F16A5EA28658B83000E6817 /* StopWords.swift */,
				5F16A5EB28658B83000E6817 /* SimpleDateFormat.swift */,
			);
			path = reference;
			sourceTree = "<group>";
		};
		5F16A5EC28658B84000E6817 /* objects */ = {
			isa = PBXGroup;
			children = (
				5F16A5ED28658B84000E6817 /* ImageFolder.swift */,
				5F16A5EE28658B84000E6817 /* SearchResult.swift */,
				5F16A5EF28658B84000E6817 /* ImageFile.swift */,
				5F16A5F028658B84000E6817 /* Favorite.swift */,
				5F16A5F128658B84000E6817 /* History.swift */,
				5FE7A8E4286AE62C007BA234 /* ImageDisplay.swift */,
			);
			path = objects;
			sourceTree = "<group>";
		};
		5F16A60528658FFE000E6817 /* protocol */ = {
			isa = PBXGroup;
			children = (
				5F16A64128660446000E6817 /* RefreshableDelegate.swift */,
				5F16A63D2865C5D1000E6817 /* MessageDisplayer.swift */,
				5F16A60628658FFE000E6817 /* ConfigChangedDelegate.swift */,
				5F16A60728658FFE000E6817 /* ImageReadDelegate.swift */,
				5F16A60828658FFE000E6817 /* DataLoaderDelegate.swift */,
				5F16A60928658FFE000E6817 /* ImageSelectionDelegate.swift */,
				5F16A60A28658FFE000E6817 /* HasDateFormatter.swift */,
				5F16A60B28658FFE000E6817 /* FileDataSource.swift */,
			);
			path = protocol;
			sourceTree = "<group>";
		};
		5F16A6122865901D000E6817 /* enum */ = {
			isa = PBXGroup;
			children = (
				5F16A6132865901D000E6817 /* FileViewerType.swift */,
			);
			path = enum;
			sourceTree = "<group>";
		};
		5F16A615286591E0000E6817 /* data */ = {
			isa = PBXGroup;
			children = (
				5F16A616286591E0000E6817 /* HistoryFileViewer.swift */,
				5F16A617286591E0000E6817 /* KeywordFileViewer.swift */,
				5F16A618286591E0000E6817 /* FolderFileViewer.swift */,
				5F16A619286591E0000E6817 /* SequentialFileViewer.swift */,
				5F16A61A286591E0000E6817 /* RandomFileViewer.swift */,
				5F16A61B286591E0000E6817 /* SearchFileViewer.swift */,
				5F16A61C286591E0000E6817 /* FavoriteFileViewer.swift */,
			);
			path = data;
			sourceTree = "<group>";
		};
		5F16A624286591FC000E6817 /* process */ = {
			isa = PBXGroup;
			children = (
				5F16A625286591FC000E6817 /* ImageLoader.swift */,
				5F16A626286591FC000E6817 /* URLSessionFactory.swift */,
				5F16A627286591FC000E6817 /* HttpReader.swift */,
				5F16A628286591FC000E6817 /* Logging.swift */,
				5F16A629286591FC000E6817 /* InventoryReader.swift */,
				5F16A62A286591FC000E6817 /* CustomPhotoAlbum.swift */,
				5F16A62B286591FC000E6817 /* RefreshTimer.swift */,
				5F16A62C286591FC000E6817 /* StreamReader.swift */,
				5F16A62D286591FC000E6817 /* Searcher.swift */,
			);
			path = process;
			sourceTree = "<group>";
		};
		5F16A64528664DB3000E6817 /* Frameworks */ = {
			isa = PBXGroup;
			children = (
				5F16A64628664DB3000E6817 /* CloudKit.framework */,
			);
			name = Frameworks;
			sourceTree = "<group>";
		};
/* End PBXGroup section */

/* Begin PBXNativeTarget section */
		5F16A5B92865467D000E6817 /* Img Gallery */ = {
			isa = PBXNativeTarget;
			buildConfigurationList = 5F16A5C82865467F000E6817 /* Build configuration list for PBXNativeTarget "Img Gallery" */;
			buildPhases = (
				5F16A5B62865467D000E6817 /* Sources */,
				5F16A5B72865467D000E6817 /* Frameworks */,
				5F16A5B82865467D000E6817 /* Resources */,
			);
			buildRules = (
			);
			dependencies = (
			);
			name = "Img Gallery";
			packageProductDependencies = (
				5F16A63A2865C44F000E6817 /* WvhExtensions */,
			);
			productName = "Img Gallery";
			productReference = 5F16A5BA2865467D000E6817 /* Img Gallery.app */;
			productType = "com.apple.product-type.application";
		};
/* End PBXNativeTarget section */

/* Begin PBXProject section */
		5F16A5B22865467D000E6817 /* Project object */ = {
			isa = PBXProject;
			attributes = {
				BuildIndependentTargetsInParallel = 1;
				LastSwiftUpdateCheck = 1400;
				LastUpgradeCheck = 1400;
				ORGANIZATIONNAME = Wvh;
				TargetAttributes = {
					5F16A5B92865467D000E6817 = {
						CreatedOnToolsVersion = 14.0;
					};
				};
			};
			buildConfigurationList = 5F16A5B52865467D000E6817 /* Build configuration list for PBXProject "Img Gallery" */;
			compatibilityVersion = "Xcode 13.0";
			developmentRegion = en;
			hasScannedForEncodings = 0;
			knownRegions = (
				en,
				Base,
			);
			mainGroup = 5F16A5B12865467D000E6817;
			packageReferences = (
				5F16A6392865C44F000E6817 /* XCRemoteSwiftPackageReference "WvhExtensions" */,
			);
			productRefGroup = 5F16A5BB2865467D000E6817 /* Products */;
			projectDirPath = "";
			projectRoot = "";
			targets = (
				5F16A5B92865467D000E6817 /* Img Gallery */,
			);
		};
/* End PBXProject section */

/* Begin PBXResourcesBuildPhase section */
		5F16A5B82865467D000E6817 /* Resources */ = {
			isa = PBXResourcesBuildPhase;
			buildActionMask = 2147483647;
			files = (
				5F16A5C52865467F000E6817 /* Preview Assets.xcassets in Resources */,
				5F16A5C22865467F000E6817 /* Assets.xcassets in Resources */,
			);
			runOnlyForDeploymentPostprocessing = 0;
		};
/* End PBXResourcesBuildPhase section */

/* Begin PBXSourcesBuildPhase section */
		5F16A5B62865467D000E6817 /* Sources */ = {
			isa = PBXSourcesBuildPhase;
			buildActionMask = 2147483647;
			files = (
				5F16A5F628658B84000E6817 /* KeywordIndex.swift in Sources */,
				5F16A61E286591E0000E6817 /* KeywordFileViewer.swift in Sources */,
				5F16A5FD28658B84000E6817 /* SearchResult.swift in Sources */,
				5F16A632286591FC000E6817 /* Logging.swift in Sources */,
				5F16A5D728658843000E6817 /* ConsoleLogger.swift in Sources */,
				5F5DF03E286A8596001FA059 /* FullScreenImageView.swift in Sources */,
				5F16A633286591FC000E6817 /* InventoryReader.swift in Sources */,
				5F16A5D128654DEC000E6817 /* FavoritesView.swift in Sources */,
				5F16A5C02865467D000E6817 /* ContentView.swift in Sources */,
				5F16A60F28658FFE000E6817 /* ImageSelectionDelegate.swift in Sources */,
				5F16A5FB28658B84000E6817 /* SimpleDateFormat.swift in Sources */,
				5F16A621286591E0000E6817 /* RandomFileViewer.swift in Sources */,
				5F16A5F828658B84000E6817 /* Histories.swift in Sources */,
				5F16A636286591FC000E6817 /* StreamReader.swift in Sources */,
				5F16A620286591E0000E6817 /* SequentialFileViewer.swift in Sources */,
				5F16A5F228658B84000E6817 /* Favorites.swift in Sources */,
				5F16A5D928658863000E6817 /* AppData.swift in Sources */,
				5F16A5FA28658B84000E6817 /* StopWords.swift in Sources */,
				5F16A5FF28658B84000E6817 /* Favorite.swift in Sources */,
				5F16A64228660446000E6817 /* RefreshableDelegate.swift in Sources */,
				5F16A630286591FC000E6817 /* URLSessionFactory.swift in Sources */,
				5F16A5D328654E14000E6817 /* HistoryView.swift in Sources */,
				5F4B1A4C28684D8800E2EEA0 /* FileImageRowView.swift in Sources */,
				5F16A64028660408000E6817 /* Utility.swift in Sources */,
				5F16A63E2865C5D1000E6817 /* MessageDisplayer.swift in Sources */,
				5F16A638286591FC000E6817 /* DataLoader.swift in Sources */,
				5F16A631286591FC000E6817 /* HttpReader.swift in Sources */,
				5F16A60428658E07000E6817 /* Configurator.swift in Sources */,
				5F16A61F286591E0000E6817 /* FolderFileViewer.swift in Sources */,
				5F16A61D286591E0000E6817 /* HistoryFileViewer.swift in Sources */,
				5F16A634286591FC000E6817 /* CustomPhotoAlbum.swift in Sources */,
				5F16A5CE28654DB4000E6817 /* ExploreView.swift in Sources */,
				5F16A61028658FFE000E6817 /* HasDateFormatter.swift in Sources */,
				5F16A5D528654E33000E6817 /* SearchView.swift in Sources */,
				5F16A622286591E0000E6817 /* SearchFileViewer.swift in Sources */,
				5F16A60328658E07000E6817 /* ConfigurationInfo.swift in Sources */,
				5F5729AD2867324B00DA4CF1 /* ImageMenuDisplayRowView.swift in Sources */,
				5F16A5F528658B84000E6817 /* KeywordUsage.swift in Sources */,
				5FE7A8E5286AE62C007BA234 /* ImageDisplay.swift in Sources */,
				5F16A5BE2865467D000E6817 /* Img_GalleryApp.swift in Sources */,
				5F16A60C28658FFE000E6817 /* ConfigChangedDelegate.swift in Sources */,
				5F16A60E28658FFE000E6817 /* DataLoaderDelegate.swift in Sources */,
				5F16A5F328658B84000E6817 /* SearchUsage.swift in Sources */,
				5F16A5F428658B84000E6817 /* MainMenuItem.swift in Sources */,
				5F16A637286591FC000E6817 /* Searcher.swift in Sources */,
				5F16A635286591FC000E6817 /* RefreshTimer.swift in Sources */,
				5F16A60028658B84000E6817 /* History.swift in Sources */,
				5F16A5FE28658B84000E6817 /* ImageFile.swift in Sources */,
				5F16A61128658FFE000E6817 /* FileDataSource.swift in Sources */,
				5F16A64428664BC1000E6817 /* ExploreRowView.swift in Sources */,
				5F4E8E5D28686A4900F15BA3 /* ImageDisplayView.swift in Sources */,
				5F16A5F928658B84000E6817 /* CustomDate.swift in Sources */,
				5F5729AF2867349000DA4CF1 /* ImageMenuView.swift in Sources */,
				5F4B1A4A286841C800E2EEA0 /* RootExplorerView.swift in Sources */,
				5F16A62F286591FC000E6817 /* ImageLoader.swift in Sources */,
				5F16A60D28658FFE000E6817 /* ImageReadDelegate.swift in Sources */,
				5F16A5F728658B84000E6817 /* TableOfContents.swift in Sources */,
				5F16A623286591E0000E6817 /* FavoriteFileViewer.swift in Sources */,
				5F16A6142865901D000E6817 /* FileViewerType.swift in Sources */,
				5F16A5FC28658B84000E6817 /* ImageFolder.swift in Sources */,
			);
			runOnlyForDeploymentPostprocessing = 0;
		};
/* End PBXSourcesBuildPhase section */

/* Begin XCBuildConfiguration section */
		5F16A5C62865467F000E6817 /* Debug */ = {
			isa = XCBuildConfiguration;
			buildSettings = {
				ALWAYS_SEARCH_USER_PATHS = NO;
				CLANG_ANALYZER_NONNULL = YES;
				CLANG_ANALYZER_NUMBER_OBJECT_CONVERSION = YES_AGGRESSIVE;
				CLANG_CXX_LANGUAGE_STANDARD = "gnu++17";
				CLANG_ENABLE_MODULES = YES;
				CLANG_ENABLE_OBJC_ARC = YES;
				CLANG_ENABLE_OBJC_WEAK = YES;
				CLANG_WARN_BLOCK_CAPTURE_AUTORELEASING = YES;
				CLANG_WARN_BOOL_CONVERSION = YES;
				CLANG_WARN_COMMA = YES;
				CLANG_WARN_CONSTANT_CONVERSION = YES;
				CLANG_WARN_DEPRECATED_OBJC_IMPLEMENTATIONS = YES;
				CLANG_WARN_DIRECT_OBJC_ISA_USAGE = YES_ERROR;
				CLANG_WARN_DOCUMENTATION_COMMENTS = YES;
				CLANG_WARN_EMPTY_BODY = YES;
				CLANG_WARN_ENUM_CONVERSION = YES;
				CLANG_WARN_INFINITE_RECURSION = YES;
				CLANG_WARN_INT_CONVERSION = YES;
				CLANG_WARN_NON_LITERAL_NULL_CONVERSION = YES;
				CLANG_WARN_OBJC_IMPLICIT_RETAIN_SELF = YES;
				CLANG_WARN_OBJC_LITERAL_CONVERSION = YES;
				CLANG_WARN_OBJC_ROOT_CLASS = YES_ERROR;
				CLANG_WARN_QUOTED_INCLUDE_IN_FRAMEWORK_HEADER = YES;
				CLANG_WARN_RANGE_LOOP_ANALYSIS = YES;
				CLANG_WARN_STRICT_PROTOTYPES = YES;
				CLANG_WARN_SUSPICIOUS_MOVE = YES;
				CLANG_WARN_UNGUARDED_AVAILABILITY = YES_AGGRESSIVE;
				CLANG_WARN_UNREACHABLE_CODE = YES;
				CLANG_WARN__DUPLICATE_METHOD_MATCH = YES;
				COPY_PHASE_STRIP = NO;
				DEBUG_INFORMATION_FORMAT = dwarf;
				ENABLE_STRICT_OBJC_MSGSEND = YES;
				ENABLE_TESTABILITY = YES;
				GCC_C_LANGUAGE_STANDARD = gnu11;
				GCC_DYNAMIC_NO_PIC = NO;
				GCC_NO_COMMON_BLOCKS = YES;
				GCC_OPTIMIZATION_LEVEL = 0;
				GCC_PREPROCESSOR_DEFINITIONS = (
					"DEBUG=1",
					"$(inherited)",
				);
				GCC_WARN_64_TO_32_BIT_CONVERSION = YES;
				GCC_WARN_ABOUT_RETURN_TYPE = YES_ERROR;
				GCC_WARN_UNDECLARED_SELECTOR = YES;
				GCC_WARN_UNINITIALIZED_AUTOS = YES_AGGRESSIVE;
				GCC_WARN_UNUSED_FUNCTION = YES;
				GCC_WARN_UNUSED_VARIABLE = YES;
				IPHONEOS_DEPLOYMENT_TARGET = 15.5;
				MTL_ENABLE_DEBUG_INFO = INCLUDE_SOURCE;
				MTL_FAST_MATH = YES;
				ONLY_ACTIVE_ARCH = YES;
				SDKROOT = iphoneos;
				SWIFT_ACTIVE_COMPILATION_CONDITIONS = DEBUG;
				SWIFT_OPTIMIZATION_LEVEL = "-Onone";
			};
			name = Debug;
		};
		5F16A5C72865467F000E6817 /* Release */ = {
			isa = XCBuildConfiguration;
			buildSettings = {
				ALWAYS_SEARCH_USER_PATHS = NO;
				CLANG_ANALYZER_NONNULL = YES;
				CLANG_ANALYZER_NUMBER_OBJECT_CONVERSION = YES_AGGRESSIVE;
				CLANG_CXX_LANGUAGE_STANDARD = "gnu++17";
				CLANG_ENABLE_MODULES = YES;
				CLANG_ENABLE_OBJC_ARC = YES;
				CLANG_ENABLE_OBJC_WEAK = YES;
				CLANG_WARN_BLOCK_CAPTURE_AUTORELEASING = YES;
				CLANG_WARN_BOOL_CONVERSION = YES;
				CLANG_WARN_COMMA = YES;
				CLANG_WARN_CONSTANT_CONVERSION = YES;
				CLANG_WARN_DEPRECATED_OBJC_IMPLEMENTATIONS = YES;
				CLANG_WARN_DIRECT_OBJC_ISA_USAGE = YES_ERROR;
				CLANG_WARN_DOCUMENTATION_COMMENTS = YES;
				CLANG_WARN_EMPTY_BODY = YES;
				CLANG_WARN_ENUM_CONVERSION = YES;
				CLANG_WARN_INFINITE_RECURSION = YES;
				CLANG_WARN_INT_CONVERSION = YES;
				CLANG_WARN_NON_LITERAL_NULL_CONVERSION = YES;
				CLANG_WARN_OBJC_IMPLICIT_RETAIN_SELF = YES;
				CLANG_WARN_OBJC_LITERAL_CONVERSION = YES;
				CLANG_WARN_OBJC_ROOT_CLASS = YES_ERROR;
				CLANG_WARN_QUOTED_INCLUDE_IN_FRAMEWORK_HEADER = YES;
				CLANG_WARN_RANGE_LOOP_ANALYSIS = YES;
				CLANG_WARN_STRICT_PROTOTYPES = YES;
				CLANG_WARN_SUSPICIOUS_MOVE = YES;
				CLANG_WARN_UNGUARDED_AVAILABILITY = YES_AGGRESSIVE;
				CLANG_WARN_UNREACHABLE_CODE = YES;
				CLANG_WARN__DUPLICATE_METHOD_MATCH = YES;
				COPY_PHASE_STRIP = NO;
				DEBUG_INFORMATION_FORMAT = "dwarf-with-dsym";
				ENABLE_NS_ASSERTIONS = NO;
				ENABLE_STRICT_OBJC_MSGSEND = YES;
				GCC_C_LANGUAGE_STANDARD = gnu11;
				GCC_NO_COMMON_BLOCKS = YES;
				GCC_WARN_64_TO_32_BIT_CONVERSION = YES;
				GCC_WARN_ABOUT_RETURN_TYPE = YES_ERROR;
				GCC_WARN_UNDECLARED_SELECTOR = YES;
				GCC_WARN_UNINITIALIZED_AUTOS = YES_AGGRESSIVE;
				GCC_WARN_UNUSED_FUNCTION = YES;
				GCC_WARN_UNUSED_VARIABLE = YES;
				IPHONEOS_DEPLOYMENT_TARGET = 15.5;
				MTL_ENABLE_DEBUG_INFO = NO;
				MTL_FAST_MATH = YES;
				SDKROOT = iphoneos;
				SWIFT_COMPILATION_MODE = wholemodule;
				SWIFT_OPTIMIZATION_LEVEL = "-O";
				VALIDATE_PRODUCT = YES;
			};
			name = Release;
		};
		5F16A5C92865467F000E6817 /* Debug */ = {
			isa = XCBuildConfiguration;
			buildSettings = {
				ASSETCATALOG_COMPILER_APPICON_NAME = AppIcon;
				ASSETCATALOG_COMPILER_GLOBAL_ACCENT_COLOR_NAME = AccentColor;
				CODE_SIGN_ENTITLEMENTS = "Img Gallery/Img Gallery.entitlements";
				CODE_SIGN_STYLE = Automatic;
				CURRENT_PROJECT_VERSION = 1;
				DEVELOPMENT_ASSET_PATHS = "\"Img Gallery/Preview Content\"";
				DEVELOPMENT_TEAM = 53KYJ3US69;
				ENABLE_PREVIEWS = YES;
				GENERATE_INFOPLIST_FILE = YES;
				INFOPLIST_KEY_LSApplicationCategoryType = "";
				INFOPLIST_KEY_NSPhotoLibraryUsageDescription = "Photo Library Access lets the application save copies in your local photo library";
				INFOPLIST_KEY_UIApplicationSceneManifest_Generation = YES;
				INFOPLIST_KEY_UIApplicationSupportsIndirectInputEvents = YES;
				INFOPLIST_KEY_UILaunchScreen_Generation = YES;
				INFOPLIST_KEY_UISupportedInterfaceOrientations_iPad = "UIInterfaceOrientationPortrait UIInterfaceOrientationPortraitUpsideDown UIInterfaceOrientationLandscapeLeft UIInterfaceOrientationLandscapeRight";
				INFOPLIST_KEY_UISupportedInterfaceOrientations_iPhone = "UIInterfaceOrientationPortrait UIInterfaceOrientationLandscapeLeft UIInterfaceOrientationLandscapeRight";
				IPHONEOS_DEPLOYMENT_TARGET = 15.5;
				LD_RUNPATH_SEARCH_PATHS = (
					"$(inherited)",
					"@executable_path/Frameworks",
				);
				MARKETING_VERSION = 1.0;
				PRODUCT_BUNDLE_IDENTIFIER = "com.gardnervh.Img-Gallery";
				PRODUCT_NAME = "$(TARGET_NAME)";
				SWIFT_EMIT_LOC_STRINGS = YES;
				SWIFT_VERSION = 5.0;
				TARGETED_DEVICE_FAMILY = "1,2";
			};
			name = Debug;
		};
		5F16A5CA2865467F000E6817 /* Release */ = {
			isa = XCBuildConfiguration;
			buildSettings = {
				ASSETCATALOG_COMPILER_APPICON_NAME = AppIcon;
				ASSETCATALOG_COMPILER_GLOBAL_ACCENT_COLOR_NAME = AccentColor;
				CODE_SIGN_ENTITLEMENTS = "Img Gallery/Img Gallery.entitlements";
				CODE_SIGN_STYLE = Automatic;
				CURRENT_PROJECT_VERSION = 1;
				DEVELOPMENT_ASSET_PATHS = "\"Img Gallery/Preview Content\"";
				DEVELOPMENT_TEAM = 53KYJ3US69;
				ENABLE_PREVIEWS = YES;
				GENERATE_INFOPLIST_FILE = YES;
				INFOPLIST_KEY_LSApplicationCategoryType = "";
				INFOPLIST_KEY_NSPhotoLibraryUsageDescription = "Photo Library Access lets the application save copies in your local photo library";
				INFOPLIST_KEY_UIApplicationSceneManifest_Generation = YES;
				INFOPLIST_KEY_UIApplicationSupportsIndirectInputEvents = YES;
				INFOPLIST_KEY_UILaunchScreen_Generation = YES;
				INFOPLIST_KEY_UISupportedInterfaceOrientations_iPad = "UIInterfaceOrientationPortrait UIInterfaceOrientationPortraitUpsideDown UIInterfaceOrientationLandscapeLeft UIInterfaceOrientationLandscapeRight";
				INFOPLIST_KEY_UISupportedInterfaceOrientations_iPhone = "UIInterfaceOrientationPortrait UIInterfaceOrientationLandscapeLeft UIInterfaceOrientationLandscapeRight";
				IPHONEOS_DEPLOYMENT_TARGET = 15.5;
				LD_RUNPATH_SEARCH_PATHS = (
					"$(inherited)",
					"@executable_path/Frameworks",
				);
				MARKETING_VERSION = 1.0;
				PRODUCT_BUNDLE_IDENTIFIER = "com.gardnervh.Img-Gallery";
				PRODUCT_NAME = "$(TARGET_NAME)";
				SWIFT_EMIT_LOC_STRINGS = YES;
				SWIFT_VERSION = 5.0;
				TARGETED_DEVICE_FAMILY = "1,2";
			};
			name = Release;
		};
/* End XCBuildConfiguration section */

/* Begin XCConfigurationList section */
		5F16A5B52865467D000E6817 /* Build configuration list for PBXProject "Img Gallery" */ = {
			isa = XCConfigurationList;
			buildConfigurations = (
				5F16A5C62865467F000E6817 /* Debug */,
				5F16A5C72865467F000E6817 /* Release */,
			);
			defaultConfigurationIsVisible = 0;
			defaultConfigurationName = Release;
		};
		5F16A5C82865467F000E6817 /* Build configuration list for PBXNativeTarget "Img Gallery" */ = {
			isa = XCConfigurationList;
			buildConfigurations = (
				5F16A5C92865467F000E6817 /* Debug */,
				5F16A5CA2865467F000E6817 /* Release */,
			);
			defaultConfigurationIsVisible = 0;
			defaultConfigurationName = Release;
		};
/* End XCConfigurationList section */

/* Begin XCRemoteSwiftPackageReference section */
		5F16A6392865C44F000E6817 /* XCRemoteSwiftPackageReference "WvhExtensions" */ = {
			isa = XCRemoteSwiftPackageReference;
			repositoryURL = "https://github.com/gvh/WvhExtensions";
			requirement = {
				kind = upToNextMajorVersion;
				minimumVersion = 1.0.0;
			};
		};
/* End XCRemoteSwiftPackageReference section */

/* Begin XCSwiftPackageProductDependency section */
		5F16A63A2865C44F000E6817 /* WvhExtensions */ = {
			isa = XCSwiftPackageProductDependency;
			package = 5F16A6392865C44F000E6817 /* XCRemoteSwiftPackageReference "WvhExtensions" */;
			productName = WvhExtensions;
		};
/* End XCSwiftPackageProductDependency section */
	};
	rootObject = 5F16A5B22865467D000E6817 /* Project object */;
}
